
Microsoft Visual Studio Solution File, Format Version 12.00
# Visual Studio 15
VisualStudioVersion = 15.0.27004.2009
MinimumVisualStudioVersion = 10.0.40219.1
Project("{FAE04EC0-301F-11D3-BF4B-00C04F79EFBC}") = "ASPNetCore.WebAPI", "ASPNetCore.WebAPI\ASPNetCore.WebAPI.csproj", "{368A58C9-69AC-4CA3-AF87-1D554D032B21}"
EndProject
Global
	GlobalSection(SolutionConfigurationPlatforms) = preSolution
		Debug|Any CPU = Debug|Any CPU
		Release|Any CPU = Release|Any CPU
	EndGlobalSection
	GlobalSection(ProjectConfigurationPlatforms) = postSolution
		{368A58C9-69AC-4CA3-AF87-1D554D032B21}.Debug|Any CPU.ActiveCfg = Debug|Any CPU
		{368A58C9-69AC-4CA3-AF87-1D554D032B21}.Debug|Any CPU.Build.0 = Debug|Any CPU
		{368A58C9-69AC-4CA3-AF87-1D554D032B21}.Release|Any CPU.ActiveCfg = Release|Any CPU
		{368A58C9-69AC-4CA3-AF87-1D554D032B21}.Release|Any CPU.Build.0 = Release|Any CPU
	EndGlobalSection
	GlobalSection(SolutionProperties) = preSolution
		HideSolutionNode = FALSE
	EndGlobalSection
	GlobalSection(ExtensibilityGlobals) = postSolution
		SolutionGuid = {779576B5-243F-4F78-8A73-A360719CF7DB}
	EndGlobalSection
EndGlobal
